<?xml version="1.0" encoding="utf-8"?>
<Project ToolsVersion="4.0" xmlns="http://schemas.microsoft.com/developer/msbuild/2003">
  <ItemGroup>
    <Filter Include="Source Files">
      <UniqueIdentifier>{4FC737F1-C7A5-4376-A066-2A32D752A2FF}</UniqueIdentifier>
      <Extensions>cpp;c;cc;cxx;c++;cppm;ixx;def;odl;idl;hpj;bat;asm;asmx</Extensions>
    </Filter>
    <Filter Include="Header Files">
      <UniqueIdentifier>{93995380-89BD-4b04-88EB-625FBE52EBFB}</UniqueIdentifier>
      <Extensions>h;hh;hpp;hxx;h++;hm;inl;inc;ipp;xsd</Extensions>
    </Filter>
    <Filter Include="Resource Files">
      <UniqueIdentifier>{67DA6AB6-F800-4c08-8B7A-83BB121AAD01}</UniqueIdentifier>
      <Extensions>rc;ico;cur;bmp;dlg;rc2;rct;bin;rgs;gif;jpg;jpeg;jpe;resx;tiff;tif;png;wav;mfcribbon-ms</Extensions>
    </Filter>
    <Filter Include="Source Files\NTAPI">
      <UniqueIdentifier>{5a2ccf5c-aca6-4615-bed0-78c7d9d85d2e}</UniqueIdentifier>
    </Filter>
    <Filter Include="Source Files\DIRECT">
      <UniqueIdentifier>{09eecc3c-1b90-4072-a0f7-d1be0ba8d4cf}</UniqueIdentifier>
    </Filter>
    <Filter Include="Header Files\NTAPI">
      <UniqueIdentifier>{a0fdb4a9-edc4-41b2-a350-47830928b141}</UniqueIdentifier>
    </Filter>
    <Filter Include="Header Files\DIRECT">
      <UniqueIdentifier>{b7cccef1-9197-4d15-b13b-9d9ce37f1017}</UniqueIdentifier>
    </Filter>
    <Filter Include="Source Files\WIN32">
      <UniqueIdentifier>{611ce358-1c6b-462d-9fa5-3e6fb26dff2f}</UniqueIdentifier>
    </Filter>
    <Filter Include="Header Files\WIN32">
      <UniqueIdentifier>{063c90f7-fd11-47fb-be5e-8a845b6f9ff3}</UniqueIdentifier>
    </Filter>
  </ItemGroup>
  <ItemGroup>
    <ClCompile Include="main.c">
      <Filter>Source Files\DIRECT</Filter>
    </ClCompile>
    <ClCompile Include="Inject.c">
      <Filter>Source Files\DIRECT</Filter>
    </ClCompile>
    <ClCompile Include="NTinject.c">
      <Filter>Source Files\NTAPI</Filter>
    </ClCompile>
    <ClCompile Include="WIN32Inject.c">
      <Filter>Source Files\WIN32</Filter>
    </ClCompile>
  </ItemGroup>
  <ItemGroup>
    <ClInclude Include="resource.h">
      <Filter>Header Files\DIRECT</Filter>
    </ClInclude>
    <ClInclude Include="Inject.h">
      <Filter>Header Files\DIRECT</Filter>
    </ClInclude>
    <ClInclude Include="NTinject.h">
      <Filter>Header Files\NTAPI</Filter>
    </ClInclude>
    <ClInclude Include="common.h">
      <Filter>Header Files</Filter>
    </ClInclude>
    <ClInclude Include="Win32Inject.h">
      <Filter>Header Files\WIN32</Filter>
    </ClInclude>
  </ItemGroup>
  <ItemGroup>
    <ResourceCompile Include="Resource.rc">
      <Filter>Resource Files</Filter>
    </ResourceCompile>
  </ItemGroup>
  <ItemGroup>
    <Image Include="..\..\..\calc_payload.ico">
      <Filter>Resource Files</Filter>
    </Image>
  </ItemGroup>
  <ItemGroup>
    <MASM Include="syscallStubs.asm">
      <Filter>Source Files\DIRECT</Filter>
    </MASM>
  </ItemGroup>
</Project>